
Microsoft Visual Studio Solution File, Format Version 12.00
# Visual Studio 2017
Project("{FAE04EC0-301F-11D3-BF4B-00C04F79EFBC}") = "Superball", "Superball.csproj", "{61AF58F1-C154-5E2E-FCA7-E30FEE3A2EF7}"
EndProject
Global
	GlobalSection(SolutionConfigurationPlatforms) = preSolution
		Debug|Any CPU = Debug|Any CPU
		Release|Any CPU = Release|Any CPU
	EndGlobalSection
	GlobalSection(ProjectConfigurationPlatforms) = postSolution
		{61AF58F1-C154-5E2E-FCA7-E30FEE3A2EF7}.Debug|Any CPU.ActiveCfg = Debug|Any CPU
		{61AF58F1-C154-5E2E-FCA7-E30FEE3A2EF7}.Debug|Any CPU.Build.0 = Debug|Any CPU
		{61AF58F1-C154-5E2E-FCA7-E30FEE3A2EF7}.Release|Any CPU.ActiveCfg = Release|Any CPU
		{61AF58F1-C154-5E2E-FCA7-E30FEE3A2EF7}.Release|Any CPU.Build.0 = Release|Any CPU
	EndGlobalSection
	GlobalSection(SolutionProperties) = preSolution
		HideSolutionNode = FALSE
	EndGlobalSection
EndGlobal
